
Microsoft Visual Studio Solution File, Format Version 12.00
# Visual Studio Version 17
VisualStudioVersion = 17.7.34003.232
MinimumVisualStudioVersion = 10.0.40219.1
Project("{FAE04EC0-301F-11D3-BF4B-00C04F79EFBC}") = "Laba number one", "Laba number one\Laba number one.csproj", "{83BB0C8D-B967-4833-B6D5-8D0D91F18264}"
EndProject
Global
	GlobalSection(SolutionConfigurationPlatforms) = preSolution
		Debug|Any CPU = Debug|Any CPU
		Release|Any CPU = Release|Any CPU
	EndGlobalSection
	GlobalSection(ProjectConfigurationPlatforms) = postSolution
		{83BB0C8D-B967-4833-B6D5-8D0D91F18264}.Debug|Any CPU.ActiveCfg = Debug|Any CPU
		{83BB0C8D-B967-4833-B6D5-8D0D91F18264}.Debug|Any CPU.Build.0 = Debug|Any CPU
		{83BB0C8D-B967-4833-B6D5-8D0D91F18264}.Release|Any CPU.ActiveCfg = Release|Any CPU
		{83BB0C8D-B967-4833-B6D5-8D0D91F18264}.Release|Any CPU.Build.0 = Release|Any CPU
	EndGlobalSection
	GlobalSection(SolutionProperties) = preSolution
		HideSolutionNode = FALSE
	EndGlobalSection
	GlobalSection(ExtensibilityGlobals) = postSolution
		SolutionGuid = {5AC143CC-8CBA-41EA-933C-F5A9B00BA963}
	EndGlobalSection
EndGlobal
